github.com/ik5/smshandler v0.0.5 h1:MZfc3JzrPWhtYe4lMtaiYgh6pmlWNpkSui9sFrJ66hc=
github.com/ik5/smshandler v0.0.5/go.mod h1:Ps87eZMlJ2SKQWcL8sdX0uI6D5WuASnQLOLhDKHOw1k=
github.com/ik5/smshandler v0.0.6 h1:1ZRe6ckefULU8ntN9YO2tzKeJvu+Q9TOFBW/g0+MUpI=
github.com/ik5/smshandler v0.0.6/go.mod h1:Ps87eZMlJ2SKQWcL8sdX0uI6D5WuASnQLOLhDKHOw1k=
github.com/ik5/smshandler v0.0.7 h1:Nw4hyaYz0pygpZjBM17c4JMv7rVaLqgEuCNBktSWdSs=
github.com/ik5/smshandler v0.0.7/go.mod h1:Ps87eZMlJ2SKQWcL8sdX0uI6D5WuASnQLOLhDKHOw1k=
github.com/ik5/smshandler v0.0.8 h1:8OXZwI07YKNzmEki6TrTVhxbYLAODw6cJeS9vV/rOgw=
github.com/ik5/smshandler v0.0.8/go.mod h1:Ps87eZMlJ2SKQWcL8sdX0uI6D5WuASnQLOLhDKHOw1k=
github.com/ik5/smshandler v0.0.9 h1:O4aWV/47o0RTyJamnd2hGWtCMEZKdg9xMa3soSs5Y6o=
github.com/ik5/smshandler v0.0.9/go.mod h1:Ps87eZMlJ2SKQWcL8sdX0uI6D5WuASnQLOLhDKHOw1k=
github.com/ik5/smshandler v0.0.16 h1:sSiG/wY0zdh91e7MNQ4sG0kPoAsywBYsRXCd+e6pXNo=
github.com/ik5/smshandler v0.0.16/go.mod h1:Ps87eZMlJ2SKQWcL8sdX0uI6D5WuASnQLOLhDKHOw1k=
